// !$*UTF8*$!
{
	archiveVersion = 1;
	classes = {
	};
	objectVersion = 50;
	objects = {

/* Begin PBXBuildFile section */
		4AF0E72B20802A1900B47B2E /* AppDelegate.swift in Sources */ = {isa = PBXBuildFile; fileRef = 4AF0E72A20802A1900B47B2E /* AppDelegate.swift */; };
		4AF0E72D20802A1900B47B2E /* ViewController.swift in Sources */ = {isa = PBXBuildFile; fileRef = 4AF0E72C20802A1900B47B2E /* ViewController.swift */; };
		4AF0E73020802A1900B47B2E /* Main.storyboard in Resources */ = {isa = PBXBuildFile; fileRef = 4AF0E72E20802A1900B47B2E /* Main.storyboard */; };
		4AF0E73320802A1900B47B2E /* Beverage_Buddy.xcdatamodeld in Sources */ = {isa = PBXBuildFile; fileRef = 4AF0E73120802A1900B47B2E /* Beverage_Buddy.xcdatamodeld */; };
		4AF0E73520802A1D00B47B2E /* Assets.xcassets in Resources */ = {isa = PBXBuildFile; fileRef = 4AF0E73420802A1D00B47B2E /* Assets.xcassets */; };
		4AF0E73820802A1D00B47B2E /* LaunchScreen.storyboard in Resources */ = {isa = PBXBuildFile; fileRef = 4AF0E73620802A1D00B47B2E /* LaunchScreen.storyboard */; };
/* End PBXBuildFile section */

/* Begin PBXFileReference section */
		4AF0E72720802A1900B47B2E /* Beverage Buddy.app */ = {isa = PBXFileReference; explicitFileType = wrapper.application; includeInIndex = 0; path = "Beverage Buddy.app"; sourceTree = BUILT_PRODUCTS_DIR; };
		4AF0E72A20802A1900B47B2E /* AppDelegate.swift */ = {isa = PBXFileReference; lastKnownFileType = sourcecode.swift; path = AppDelegate.swift; sourceTree = "<group>"; };
		4AF0E72C20802A1900B47B2E /* ViewController.swift */ = {isa = PBXFileReference; lastKnownFileType = sourcecode.swift; path = ViewController.swift; sourceTree = "<group>"; };
		4AF0E72F20802A1900B47B2E /* Base */ = {isa = PBXFileReference; lastKnownFileType = file.storyboard; name = Base; path = Base.lproj/Main.storyboard; sourceTree = "<group>"; };
		4AF0E73220802A1900B47B2E /* Beverage_Buddy.xcdatamodel */ = {isa = PBXFileReference; lastKnownFileType = wrapper.xcdatamodel; path = Beverage_Buddy.xcdatamodel; sourceTree = "<group>"; };
		4AF0E73420802A1D00B47B2E /* Assets.xcassets */ = {isa = PBXFileReference; lastKnownFileType = folder.assetcatalog; path = Assets.xcassets; sourceTree = "<group>"; };
		4AF0E73720802A1D00B47B2E /* Base */ = {isa = PBXFileReference; lastKnownFileType = file.storyboard; name = Base; path = Base.lproj/LaunchScreen.storyboard; sourceTree = "<group>"; };
		4AF0E73920802A1D00B47B2E /* Info.plist */ = {isa = PBXFileReference; lastKnownFileType = text.plist.xml; path = Info.plist; sourceTree = "<group>"; };
/* End PBXFileReference section */

/* Begin PBXFrameworksBuildPhase section */
		4AF0E72420802A1900B47B2E /* Frameworks */ = {
			isa = PBXFrameworksBuildPhase;
			buildActionMask = 2147483647;
			files = (
			);
			runOnlyForDeploymentPostprocessing = 0;
		};
/* End PBXFrameworksBuildPhase section */

/* Begin PBXGroup section */
		4AF0E71E20802A1900B47B2E = {
			isa = PBXGroup;
			children = (
				4AF0E72920802A1900B47B2E /* Beverage Buddy */,
				4AF0E72820802A1900B47B2E /* Products */,
			);
			sourceTree = "<group>";
		};
		4AF0E72820802A1900B47B2E /* Products */ = {
			isa = PBXGroup;
			children = (
				4AF0E72720802A1900B47B2E /* Beverage Buddy.app */,
			);
			name = Products;
			sourceTree = "<group>";
		};
		4AF0E72920802A1900B47B2E /* Beverage Buddy */ = {
			isa = PBXGroup;
			children = (
				4AF0E72A20802A1900B47B2E /* AppDelegate.swift */,
				4AF0E72C20802A1900B47B2E /* ViewController.swift */,
				4AF0E72E20802A1900B47B2E /* Main.storyboard */,
				4AF0E73420802A1D00B47B2E /* Assets.xcassets */,
				4AF0E73620802A1D00B47B2E /* LaunchScreen.storyboard */,
				4AF0E73920802A1D00B47B2E /* Info.plist */,
				4AF0E73120802A1900B47B2E /* Beverage_Buddy.xcdatamodeld */,
			);
			path = "Beverage Buddy";
			sourceTree = "<group>";
		};
/* End PBXGroup section */

/* Begin PBXNativeTarget section */
		4AF0E72620802A1900B47B2E /* Beverage Buddy */ = {
			isa = PBXNativeTarget;
			buildConfigurationList = 4AF0E73C20802A1D00B47B2E /* Build configuration list for PBXNativeTarget "Beverage Buddy" */;
			buildPhases = (
				4AF0E72320802A1900B47B2E /* Sources */,
				4AF0E72420802A1900B47B2E /* Frameworks */,
				4AF0E72520802A1900B47B2E /* Resources */,
			);
			buildRules = (
			);
			dependencies = (
			);
			name = "Beverage Buddy";
			productName = "Beverage Buddy";
			productReference = 4AF0E72720802A1900B47B2E /* Beverage Buddy.app */;
			productType = "com.apple.product-type.application";
		};
/* End PBXNativeTarget section */

/* Begin PBXProject section */
		4AF0E71F20802A1900B47B2E /* Project object */ = {
			isa = PBXProject;
			attributes = {
				LastSwiftUpdateCheck = 0930;
				LastUpgradeCheck = 0930;
				ORGANIZATIONNAME = "Matthew Berman";
				TargetAttributes = {
					4AF0E72620802A1900B47B2E = {
						CreatedOnToolsVersion = 9.3;
					};
				};
			};
			buildConfigurationList = 4AF0E72220802A1900B47B2E /* Build configuration list for PBXProject "Beverage Buddy" */;
			compatibilityVersion = "Xcode 9.3";
			developmentRegion = en;
			hasScannedForEncodings = 0;
			knownRegions = (
				en,
				Base,
			);
			mainGroup = 4AF0E71E20802A1900B47B2E;
			productRefGroup = 4AF0E72820802A1900B47B2E /* Products */;
			projectDirPath = "";
			projectRoot = "";
			targets = (
				4AF0E72620802A1900B47B2E /* Beverage Buddy */,
			);
		};
/* End PBXProject section */

/* Begin PBXResourcesBuildPhase section */
		4AF0E72520802A1900B47B2E /* Resources */ = {
			isa = PBXResourcesBuildPhase;
			buildActionMask = 2147483647;
			files = (
				4AF0E73820802A1D00B47B2E /* LaunchScreen.storyboard in Resources */,
				4AF0E73520802A1D00B47B2E /* Assets.xcassets in Resources */,
				4AF0E73020802A1900B47B2E /* Main.storyboard in Resources */,
			);
			runOnlyForDeploymentPostprocessing = 0;
		};
/* End PBXResourcesBuildPhase section */

/* Begin PBXSourcesBuildPhase section */
		4AF0E72320802A1900B47B2E /* Sources */ = {
			isa = PBXSourcesBuildPhase;
			buildActionMask = 2147483647;
			files = (
				4AF0E72D20802A1900B47B2E /* ViewController.swift in Sources */,
				4AF0E73320802A1900B47B2E /* Beverage_Buddy.xcdatamodeld in Sources */,
				4AF0E72B20802A1900B47B2E /* AppDelegate.swift in Sources */,
			);
			runOnlyForDeploymentPostprocessing = 0;
		};
/* End PBXSourcesBuildPhase section */

/* Begin PBXVariantGroup section */
		4AF0E72E20802A1900B47B2E /* Main.storyboard */ = {
			isa = PBXVariantGroup;
			children = (
				4AF0E72F20802A1900B47B2E /* Base */,
			);
			name = Main.storyboard;
			sourceTree = "<group>";
		};
		4AF0E73620802A1D00B47B2E /* LaunchScreen.storyboard */ = {
			isa = PBXVariantGroup;
			children = (
				4AF0E73720802A1D00B47B2E /* Base */,
			);
			name = LaunchScreen.storyboard;
			sourceTree = "<group>";
		};
/* End PBXVariantGroup section */

/* Begin XCBuildConfiguration section */
		4AF0E73A20802A1D00B47B2E /* Debug */ = {
			isa = XCBuildConfiguration;
			buildSettings = {
				ALWAYS_SEARCH_USER_PATHS = NO;
				CLANG_ANALYZER_NONNULL = YES;
				CLANG_ANALYZER_NUMBER_OBJECT_CONVERSION = YES_AGGRESSIVE;
				CLANG_CXX_LANGUAGE_STANDARD = "gnu++14";
				CLANG_CXX_LIBRARY = "libc++";
				CLANG_ENABLE_MODULES = YES;
				CLANG_ENABLE_OBJC_ARC = YES;
				CLANG_ENABLE_OBJC_WEAK = YES;
				CLANG_WARN_BLOCK_CAPTURE_AUTORELEASING = YES;
				CLANG_WARN_BOOL_CONVERSION = YES;
				CLANG_WARN_COMMA = YES;
				CLANG_WARN_CONSTANT_CONVERSION = YES;
				CLANG_WARN_DEPRECATED_OBJC_IMPLEMENTATIONS = YES;
				CLANG_WARN_DIRECT_OBJC_ISA_USAGE = YES_ERROR;
				CLANG_WARN_DOCUMENTATION_COMMENTS = YES;
				CLANG_WARN_EMPTY_BODY = YES;
				CLANG_WARN_ENUM_CONVERSION = YES;
				CLANG_WARN_INFINITE_RECURSION = YES;
				CLANG_WARN_INT_CONVERSION = YES;
				CLANG_WARN_NON_LITERAL_NULL_CONVERSION = YES;
				CLANG_WARN_OBJC_IMPLICIT_RETAIN_SELF = YES;
				CLANG_WARN_OBJC_LITERAL_CONVERSION = YES;
				CLANG_WARN_OBJC_ROOT_CLASS = YES_ERROR;
				CLANG_WARN_RANGE_LOOP_ANALYSIS = YES;
				CLANG_WARN_STRICT_PROTOTYPES = YES;
				CLANG_WARN_SUSPICIOUS_MOVE = YES;
				CLANG_WARN_UNGUARDED_AVAILABILITY = YES_AGGRESSIVE;
				CLANG_WARN_UNREACHABLE_CODE = YES;
				CLANG_WARN__DUPLICATE_METHOD_MATCH = YES;
				CODE_SIGN_IDENTITY = "iPhone Developer";
				COPY_PHASE_STRIP = NO;
				DEBUG_INFORMATION_FORMAT = dwarf;
				ENABLE_STRICT_OBJC_MSGSEND = YES;
				ENABLE_TESTABILITY = YES;
				GCC_C_LANGUAGE_STANDARD = gnu11;
				GCC_DYNAMIC_NO_PIC = NO;
				GCC_NO_COMMON_BLOCKS = YES;
				GCC_OPTIMIZATION_LEVEL = 0;
				GCC_PREPROCESSOR_DEFINITIONS = (
					"DEBUG=1",
					"$(inherited)",
				);
				GCC_WARN_64_TO_32_BIT_CONVERSION = YES;
				GCC_WARN_ABOUT_RETURN_TYPE = YES_ERROR;
				GCC_WARN_UNDECLARED_SELECTOR = YES;
				GCC_WARN_UNINITIALIZED_AUTOS = YES_AGGRESSIVE;
				GCC_WARN_UNUSED_FUNCTION = YES;
				GCC_WARN_UNUSED_VARIABLE = YES;
				IPHONEOS_DEPLOYMENT_TARGET = 11.3;
				MTL_ENABLE_DEBUG_INFO = YES;
				ONLY_ACTIVE_ARCH = YES;
				SDKROOT = iphoneos;
				SWIFT_ACTIVE_COMPILATION_CONDITIONS = DEBUG;
				SWIFT_OPTIMIZATION_LEVEL = "-Onone";
			};
			name = Debug;
		};
		4AF0E73B20802A1D00B47B2E /* Release */ = {
			isa = XCBuildConfiguration;
			buildSettings = {
				ALWAYS_SEARCH_USER_PATHS = NO;
				CLANG_ANALYZER_NONNULL = YES;
				CLANG_ANALYZER_NUMBER_OBJECT_CONVERSION = YES_AGGRESSIVE;
				CLANG_CXX_LANGUAGE_STANDARD = "gnu++14";
				CLANG_CXX_LIBRARY = "libc++";
				CLANG_ENABLE_MODULES = YES;
				CLANG_ENABLE_OBJC_ARC = YES;
				CLANG_ENABLE_OBJC_WEAK = YES;
				CLANG_WARN_BLOCK_CAPTURE_AUTORELEASING = YES;
				CLANG_WARN_BOOL_CONVERSION = YES;
				CLANG_WARN_COMMA = YES;
				CLANG_WARN_CONSTANT_CONVERSION = YES;
				CLANG_WARN_DEPRECATED_OBJC_IMPLEMENTATIONS = YES;
				CLANG_WARN_DIRECT_OBJC_ISA_USAGE = YES_ERROR;
				CLANG_WARN_DOCUMENTATION_COMMENTS = YES;
				CLANG_WARN_EMPTY_BODY = YES;
				CLANG_WARN_ENUM_CONVERSION = YES;
				CLANG_WARN_INFINITE_RECURSION = YES;
				CLANG_WARN_INT_CONVERSION = YES;
				CLANG_WARN_NON_LITERAL_NULL_CONVERSION = YES;
				CLANG_WARN_OBJC_IMPLICIT_RETAIN_SELF = YES;
				CLANG_WARN_OBJC_LITERAL_CONVERSION = YES;
				CLANG_WARN_OBJC_ROOT_CLASS = YES_ERROR;
				CLANG_WARN_RANGE_LOOP_ANALYSIS = YES;
				CLANG_WARN_STRICT_PROTOTYPES = YES;
				CLANG_WARN_SUSPICIOUS_MOVE = YES;
				CLANG_WARN_UNGUARDED_AVAILABILITY = YES_AGGRESSIVE;
				CLANG_WARN_UNREACHABLE_CODE = YES;
				CLANG_WARN__DUPLICATE_METHOD_MATCH = YES;
				CODE_SIGN_IDENTITY = "iPhone Developer";
				COPY_PHASE_STRIP = NO;
				DEBUG_INFORMATION_FORMAT = "dwarf-with-dsym";
				ENABLE_NS_ASSERTIONS = NO;
				ENABLE_STRICT_OBJC_MSGSEND = YES;
				GCC_C_LANGUAGE_STANDARD = gnu11;
				GCC_NO_COMMON_BLOCKS = YES;
				GCC_WARN_64_TO_32_BIT_CONVERSION = YES;
				GCC_WARN_ABOUT_RETURN_TYPE = YES_ERROR;
				GCC_WARN_UNDECLARED_SELECTOR = YES;
				GCC_WARN_UNINITIALIZED_AUTOS = YES_AGGRESSIVE;
				GCC_WARN_UNUSED_FUNCTION = YES;
				GCC_WARN_UNUSED_VARIABLE = YES;
				IPHONEOS_DEPLOYMENT_TARGET = 11.3;
				MTL_ENABLE_DEBUG_INFO = NO;
				SDKROOT = iphoneos;
				SWIFT_COMPILATION_MODE = wholemodule;
				SWIFT_OPTIMIZATION_LEVEL = "-O";
				VALIDATE_PRODUCT = YES;
			};
			name = Release;
		};
		4AF0E73D20802A1D00B47B2E /* Debug */ = {
			isa = XCBuildConfiguration;
			buildSettings = {
				ASSETCATALOG_COMPILER_APPICON_NAME = AppIcon;
				CODE_SIGN_STYLE = Automatic;
				DEVELOPMENT_TEAM = 58VFGYYJSR;
				INFOPLIST_FILE = "Beverage Buddy/Info.plist";
				LD_RUNPATH_SEARCH_PATHS = (
					"$(inherited)",
					"@executable_path/Frameworks",
				);
				PRODUCT_BUNDLE_IDENTIFIER = "com.MJB.Beverage-Buddy";
				PRODUCT_NAME = "$(TARGET_NAME)";
				SWIFT_VERSION = 4.0;
				TARGETED_DEVICE_FAMILY = "1,2";
			};
			name = Debug;
		};
		4AF0E73E20802A1D00B47B2E /* Release */ = {
			isa = XCBuildConfiguration;
			buildSettings = {
				ASSETCATALOG_COMPILER_APPICON_NAME = AppIcon;
				CODE_SIGN_STYLE = Automatic;
				DEVELOPMENT_TEAM = 58VFGYYJSR;
				INFOPLIST_FILE = "Beverage Buddy/Info.plist";
				LD_RUNPATH_SEARCH_PATHS = (
					"$(inherited)",
					"@executable_path/Frameworks",
				);
				PRODUCT_BUNDLE_IDENTIFIER = "com.MJB.Beverage-Buddy";
				PRODUCT_NAME = "$(TARGET_NAME)";
				SWIFT_VERSION = 4.0;
				TARGETED_DEVICE_FAMILY = "1,2";
			};
			name = Release;
		};
/* End XCBuildConfiguration section */

/* Begin XCConfigurationList section */
		4AF0E72220802A1900B47B2E /* Build configuration list for PBXProject "Beverage Buddy" */ = {
			isa = XCConfigurationList;
			buildConfigurations = (
				4AF0E73A20802A1D00B47B2E /* Debug */,
				4AF0E73B20802A1D00B47B2E /* Release */,
			);
			defaultConfigurationIsVisible = 0;
			defaultConfigurationName = Release;
		};
		4AF0E73C20802A1D00B47B2E /* Build configuration list for PBXNativeTarget "Beverage Buddy" */ = {
			isa = XCConfigurationList;
			buildConfigurations = (
				4AF0E73D20802A1D00B47B2E /* Debug */,
				4AF0E73E20802A1D00B47B2E /* Release */,
			);
			defaultConfigurationIsVisible = 0;
			defaultConfigurationName = Release;
		};
/* End XCConfigurationList section */

/* Begin XCVersionGroup section */
		4AF0E73120802A1900B47B2E /* Beverage_Buddy.xcdatamodeld */ = {
			isa = XCVersionGroup;
			children = (
				4AF0E73220802A1900B47B2E /* Beverage_Buddy.xcdatamodel */,
			);
			currentVersion = 4AF0E73220802A1900B47B2E /* Beverage_Buddy.xcdatamodel */;
			path = Beverage_Buddy.xcdatamodeld;
			sourceTree = "<group>";
			versionGroupType = wrapper.xcdatamodel;
		};
/* End XCVersionGroup section */
	};
	rootObject = 4AF0E71F20802A1900B47B2E /* Project object */;
}
